
Microsoft Visual Studio Solution File, Format Version 12.00
# Visual Studio Version 16
VisualStudioVersion = 16.0.29613.14
MinimumVisualStudioVersion = 10.0.40219.1
Project("{8BC9CEB8-8B4A-11D0-8D11-00A0C91BC942}") = "ConsoleApplication1", "ConsoleApplication1\ConsoleApplication1.vcxproj", "{4781D984-E488-4DFB-B46E-956A8C07E346}"
EndProject
Project("{8BC9CEB8-8B4A-11D0-8D11-00A0C91BC942}") = "CalculatorUnitTest", "CalculatorUnitTest\CalculatorUnitTest.vcxproj", "{6271F52B-26C5-4686-AB18-540C0C2CAFF1}"
EndProject
Global
	GlobalSection(SolutionConfigurationPlatforms) = preSolution
		Debug|x64 = Debug|x64
		Debug|x86 = Debug|x86
		Release|x64 = Release|x64
		Release|x86 = Release|x86
	EndGlobalSection
	GlobalSection(ProjectConfigurationPlatforms) = postSolution
		{4781D984-E488-4DFB-B46E-956A8C07E346}.Debug|x64.ActiveCfg = Debug|x64
		{4781D984-E488-4DFB-B46E-956A8C07E346}.Debug|x64.Build.0 = Debug|x64
		{4781D984-E488-4DFB-B46E-956A8C07E346}.Debug|x86.ActiveCfg = Debug|Win32
		{4781D984-E488-4DFB-B46E-956A8C07E346}.Debug|x86.Build.0 = Debug|Win32
		{4781D984-E488-4DFB-B46E-956A8C07E346}.Release|x64.ActiveCfg = Release|x64
		{4781D984-E488-4DFB-B46E-956A8C07E346}.Release|x64.Build.0 = Release|x64
		{4781D984-E488-4DFB-B46E-956A8C07E346}.Release|x86.ActiveCfg = Release|Win32
		{4781D984-E488-4DFB-B46E-956A8C07E346}.Release|x86.Build.0 = Release|Win32
		{6271F52B-26C5-4686-AB18-540C0C2CAFF1}.Debug|x64.ActiveCfg = Debug|x64
		{6271F52B-26C5-4686-AB18-540C0C2CAFF1}.Debug|x64.Build.0 = Debug|x64
		{6271F52B-26C5-4686-AB18-540C0C2CAFF1}.Debug|x86.ActiveCfg = Debug|Win32
		{6271F52B-26C5-4686-AB18-540C0C2CAFF1}.Debug|x86.Build.0 = Debug|Win32
		{6271F52B-26C5-4686-AB18-540C0C2CAFF1}.Release|x64.ActiveCfg = Release|x64
		{6271F52B-26C5-4686-AB18-540C0C2CAFF1}.Release|x64.Build.0 = Release|x64
		{6271F52B-26C5-4686-AB18-540C0C2CAFF1}.Release|x86.ActiveCfg = Release|Win32
		{6271F52B-26C5-4686-AB18-540C0C2CAFF1}.Release|x86.Build.0 = Release|Win32
	EndGlobalSection
	GlobalSection(SolutionProperties) = preSolution
		HideSolutionNode = FALSE
	EndGlobalSection
	GlobalSection(ExtensibilityGlobals) = postSolution
		SolutionGuid = {4B141FEA-D592-4E90-8E0A-3ECCA6225084}
	EndGlobalSection
EndGlobal
